// !$*UTF8*$!
{
	archiveVersion = 1;
	classes = {
	};
	objectVersion = 50;
	objects = {

/* Begin PBXBuildFile section */
		5F3B7D0D22C2CCC800D2A0CC /* NewFriendTableViewController.swift in Sources */ = {isa = PBXBuildFile; fileRef = 5F3B7D0C22C2CCC800D2A0CC /* NewFriendTableViewController.swift */; };
		5FEBC26C217EC28900DA90D6 /* MeCollectionViewCell.swift in Sources */ = {isa = PBXBuildFile; fileRef = 5FEBC26B217EC28900DA90D6 /* MeCollectionViewCell.swift */; };
		5FEBC26E217EC2F800DA90D6 /* MeCollectionViewController.swift in Sources */ = {isa = PBXBuildFile; fileRef = 5FEBC26D217EC2F800DA90D6 /* MeCollectionViewController.swift */; };
		5FF82085217C040900130CD0 /* AppDelegate.swift in Sources */ = {isa = PBXBuildFile; fileRef = 5FF82084217C040900130CD0 /* AppDelegate.swift */; };
		5FF82087217C040900130CD0 /* ScanController.swift in Sources */ = {isa = PBXBuildFile; fileRef = 5FF82086217C040900130CD0 /* ScanController.swift */; };
		5FF8208D217C040A00130CD0 /* Handlr.xcdatamodeld in Sources */ = {isa = PBXBuildFile; fileRef = 5FF8208B217C040A00130CD0 /* Handlr.xcdatamodeld */; };
		5FF8208F217C040B00130CD0 /* Assets.xcassets in Resources */ = {isa = PBXBuildFile; fileRef = 5FF8208E217C040B00130CD0 /* Assets.xcassets */; };
		5FF82092217C040B00130CD0 /* LaunchScreen.storyboard in Resources */ = {isa = PBXBuildFile; fileRef = 5FF82090217C040B00130CD0 /* LaunchScreen.storyboard */; };
		5FF8209D217C040B00130CD0 /* HandlrTests.swift in Sources */ = {isa = PBXBuildFile; fileRef = 5FF8209C217C040B00130CD0 /* HandlrTests.swift */; };
		5FF820A8217C040B00130CD0 /* HandlrUITests.swift in Sources */ = {isa = PBXBuildFile; fileRef = 5FF820A7217C040B00130CD0 /* HandlrUITests.swift */; };
/* End PBXBuildFile section */

/* Begin PBXContainerItemProxy section */
		5FF82099217C040B00130CD0 /* PBXContainerItemProxy */ = {
			isa = PBXContainerItemProxy;
			containerPortal = 5FF82079217C040900130CD0 /* Project object */;
			proxyType = 1;
			remoteGlobalIDString = 5FF82080217C040900130CD0;
			remoteInfo = Handlr;
		};
		5FF820A4217C040B00130CD0 /* PBXContainerItemProxy */ = {
			isa = PBXContainerItemProxy;
			containerPortal = 5FF82079217C040900130CD0 /* Project object */;
			proxyType = 1;
			remoteGlobalIDString = 5FF82080217C040900130CD0;
			remoteInfo = Handlr;
		};
/* End PBXContainerItemProxy section */

/* Begin PBXFileReference section */
		5F3B7D0C22C2CCC800D2A0CC /* NewFriendTableViewController.swift */ = {isa = PBXFileReference; lastKnownFileType = sourcecode.swift; path = NewFriendTableViewController.swift; sourceTree = "<group>"; };
		5FEBC26B217EC28900DA90D6 /* MeCollectionViewCell.swift */ = {isa = PBXFileReference; lastKnownFileType = sourcecode.swift; path = MeCollectionViewCell.swift; sourceTree = "<group>"; };
		5FEBC26D217EC2F800DA90D6 /* MeCollectionViewController.swift */ = {isa = PBXFileReference; lastKnownFileType = sourcecode.swift; path = MeCollectionViewController.swift; sourceTree = "<group>"; };
		5FF82081217C040900130CD0 /* Handlr.app */ = {isa = PBXFileReference; explicitFileType = wrapper.application; includeInIndex = 0; path = Handlr.app; sourceTree = BUILT_PRODUCTS_DIR; };
		5FF82084217C040900130CD0 /* AppDelegate.swift */ = {isa = PBXFileReference; lastKnownFileType = sourcecode.swift; path = AppDelegate.swift; sourceTree = "<group>"; };
		5FF82086217C040900130CD0 /* ScanController.swift */ = {isa = PBXFileReference; lastKnownFileType = sourcecode.swift; path = ScanController.swift; sourceTree = "<group>"; };
		5FF8208C217C040A00130CD0 /* Handlr.xcdatamodel */ = {isa = PBXFileReference; lastKnownFileType = wrapper.xcdatamodel; path = Handlr.xcdatamodel; sourceTree = "<group>"; };
		5FF8208E217C040B00130CD0 /* Assets.xcassets */ = {isa = PBXFileReference; lastKnownFileType = folder.assetcatalog; path = Assets.xcassets; sourceTree = "<group>"; };
		5FF82091217C040B00130CD0 /* Base */ = {isa = PBXFileReference; lastKnownFileType = file.storyboard; name = Base; path = Base.lproj/LaunchScreen.storyboard; sourceTree = "<group>"; };
		5FF82093217C040B00130CD0 /* Info.plist */ = {isa = PBXFileReference; lastKnownFileType = text.plist.xml; path = Info.plist; sourceTree = "<group>"; };
		5FF82098217C040B00130CD0 /* HandlrTests.xctest */ = {isa = PBXFileReference; explicitFileType = wrapper.cfbundle; includeInIndex = 0; path = HandlrTests.xctest; sourceTree = BUILT_PRODUCTS_DIR; };
		5FF8209C217C040B00130CD0 /* HandlrTests.swift */ = {isa = PBXFileReference; lastKnownFileType = sourcecode.swift; path = HandlrTests.swift; sourceTree = "<group>"; };
		5FF8209E217C040B00130CD0 /* Info.plist */ = {isa = PBXFileReference; lastKnownFileType = text.plist.xml; path = Info.plist; sourceTree = "<group>"; };
		5FF820A3217C040B00130CD0 /* HandlrUITests.xctest */ = {isa = PBXFileReference; explicitFileType = wrapper.cfbundle; includeInIndex = 0; path = HandlrUITests.xctest; sourceTree = BUILT_PRODUCTS_DIR; };
		5FF820A7217C040B00130CD0 /* HandlrUITests.swift */ = {isa = PBXFileReference; lastKnownFileType = sourcecode.swift; path = HandlrUITests.swift; sourceTree = "<group>"; };
		5FF820A9217C040B00130CD0 /* Info.plist */ = {isa = PBXFileReference; lastKnownFileType = text.plist.xml; path = Info.plist; sourceTree = "<group>"; };
/* End PBXFileReference section */

/* Begin PBXFrameworksBuildPhase section */
		5FF8207E217C040900130CD0 /* Frameworks */ = {
			isa = PBXFrameworksBuildPhase;
			buildActionMask = 2147483647;
			files = (
			);
			runOnlyForDeploymentPostprocessing = 0;
		};
		5FF82095217C040B00130CD0 /* Frameworks */ = {
			isa = PBXFrameworksBuildPhase;
			buildActionMask = 2147483647;
			files = (
			);
			runOnlyForDeploymentPostprocessing = 0;
		};
		5FF820A0217C040B00130CD0 /* Frameworks */ = {
			isa = PBXFrameworksBuildPhase;
			buildActionMask = 2147483647;
			files = (
			);
			runOnlyForDeploymentPostprocessing = 0;
		};
/* End PBXFrameworksBuildPhase section */

/* Begin PBXGroup section */
		5FF82078217C040900130CD0 = {
			isa = PBXGroup;
			children = (
				5FF82083217C040900130CD0 /* Handlr */,
				5FF8209B217C040B00130CD0 /* HandlrTests */,
				5FF820A6217C040B00130CD0 /* HandlrUITests */,
				5FF82082217C040900130CD0 /* Products */,
			);
			sourceTree = "<group>";
		};
		5FF82082217C040900130CD0 /* Products */ = {
			isa = PBXGroup;
			children = (
				5FF82081217C040900130CD0 /* Handlr.app */,
				5FF82098217C040B00130CD0 /* HandlrTests.xctest */,
				5FF820A3217C040B00130CD0 /* HandlrUITests.xctest */,
			);
			name = Products;
			sourceTree = "<group>";
		};
		5FF82083217C040900130CD0 /* Handlr */ = {
			isa = PBXGroup;
			children = (
				5FF82084217C040900130CD0 /* AppDelegate.swift */,
				5FF82086217C040900130CD0 /* ScanController.swift */,
				5F3B7D0C22C2CCC800D2A0CC /* NewFriendTableViewController.swift */,
				5FEBC26D217EC2F800DA90D6 /* MeCollectionViewController.swift */,
				5FEBC26B217EC28900DA90D6 /* MeCollectionViewCell.swift */,
				5FF8208E217C040B00130CD0 /* Assets.xcassets */,
				5FF82090217C040B00130CD0 /* LaunchScreen.storyboard */,
				5FF82093217C040B00130CD0 /* Info.plist */,
				5FF8208B217C040A00130CD0 /* Handlr.xcdatamodeld */,
			);
			path = Handlr;
			sourceTree = "<group>";
		};
		5FF8209B217C040B00130CD0 /* HandlrTests */ = {
			isa = PBXGroup;
			children = (
				5FF8209C217C040B00130CD0 /* HandlrTests.swift */,
				5FF8209E217C040B00130CD0 /* Info.plist */,
			);
			path = HandlrTests;
			sourceTree = "<group>";
		};
		5FF820A6217C040B00130CD0 /* HandlrUITests */ = {
			isa = PBXGroup;
			children = (
				5FF820A7217C040B00130CD0 /* HandlrUITests.swift */,
				5FF820A9217C040B00130CD0 /* Info.plist */,
			);
			path = HandlrUITests;
			sourceTree = "<group>";
		};
/* End PBXGroup section */

/* Begin PBXNativeTarget section */
		5FF82080217C040900130CD0 /* Handlr */ = {
			isa = PBXNativeTarget;
			buildConfigurationList = 5FF820AC217C040B00130CD0 /* Build configuration list for PBXNativeTarget "Handlr" */;
			buildPhases = (
				5FF8207D217C040900130CD0 /* Sources */,
				5FF8207E217C040900130CD0 /* Frameworks */,
				5FF8207F217C040900130CD0 /* Resources */,
			);
			buildRules = (
			);
			dependencies = (
			);
			name = Handlr;
			productName = Handlr;
			productReference = 5FF82081217C040900130CD0 /* Handlr.app */;
			productType = "com.apple.product-type.application";
		};
		5FF82097217C040B00130CD0 /* HandlrTests */ = {
			isa = PBXNativeTarget;
			buildConfigurationList = 5FF820AF217C040B00130CD0 /* Build configuration list for PBXNativeTarget "HandlrTests" */;
			buildPhases = (
				5FF82094217C040B00130CD0 /* Sources */,
				5FF82095217C040B00130CD0 /* Frameworks */,
				5FF82096217C040B00130CD0 /* Resources */,
			);
			buildRules = (
			);
			dependencies = (
				5FF8209A217C040B00130CD0 /* PBXTargetDependency */,
			);
			name = HandlrTests;
			productName = HandlrTests;
			productReference = 5FF82098217C040B00130CD0 /* HandlrTests.xctest */;
			productType = "com.apple.product-type.bundle.unit-test";
		};
		5FF820A2217C040B00130CD0 /* HandlrUITests */ = {
			isa = PBXNativeTarget;
			buildConfigurationList = 5FF820B2217C040B00130CD0 /* Build configuration list for PBXNativeTarget "HandlrUITests" */;
			buildPhases = (
				5FF8209F217C040B00130CD0 /* Sources */,
				5FF820A0217C040B00130CD0 /* Frameworks */,
				5FF820A1217C040B00130CD0 /* Resources */,
			);
			buildRules = (
			);
			dependencies = (
				5FF820A5217C040B00130CD0 /* PBXTargetDependency */,
			);
			name = HandlrUITests;
			productName = HandlrUITests;
			productReference = 5FF820A3217C040B00130CD0 /* HandlrUITests.xctest */;
			productType = "com.apple.product-type.bundle.ui-testing";
		};
/* End PBXNativeTarget section */

/* Begin PBXProject section */
		5FF82079217C040900130CD0 /* Project object */ = {
			isa = PBXProject;
			attributes = {
				LastSwiftUpdateCheck = 1000;
				LastUpgradeCheck = 1000;
				ORGANIZATIONNAME = "Xavi Anderhub";
				TargetAttributes = {
					5FF82080217C040900130CD0 = {
						CreatedOnToolsVersion = 10.0;
						LastSwiftMigration = 1100;
					};
					5FF82097217C040B00130CD0 = {
						CreatedOnToolsVersion = 10.0;
						LastSwiftMigration = 1100;
						TestTargetID = 5FF82080217C040900130CD0;
					};
					5FF820A2217C040B00130CD0 = {
						CreatedOnToolsVersion = 10.0;
						LastSwiftMigration = 1100;
						TestTargetID = 5FF82080217C040900130CD0;
					};
				};
			};
			buildConfigurationList = 5FF8207C217C040900130CD0 /* Build configuration list for PBXProject "Handlr" */;
			compatibilityVersion = "Xcode 9.3";
			developmentRegion = en;
			hasScannedForEncodings = 0;
			knownRegions = (
				en,
				Base,
			);
			mainGroup = 5FF82078217C040900130CD0;
			productRefGroup = 5FF82082217C040900130CD0 /* Products */;
			projectDirPath = "";
			projectRoot = "";
			targets = (
				5FF82080217C040900130CD0 /* Handlr */,
				5FF82097217C040B00130CD0 /* HandlrTests */,
				5FF820A2217C040B00130CD0 /* HandlrUITests */,
			);
		};
/* End PBXProject section */

/* Begin PBXResourcesBuildPhase section */
		5FF8207F217C040900130CD0 /* Resources */ = {
			isa = PBXResourcesBuildPhase;
			buildActionMask = 2147483647;
			files = (
				5FF82092217C040B00130CD0 /* LaunchScreen.storyboard in Resources */,
				5FF8208F217C040B00130CD0 /* Assets.xcassets in Resources */,
			);
			runOnlyForDeploymentPostprocessing = 0;
		};
		5FF82096217C040B00130CD0 /* Resources */ = {
			isa = PBXResourcesBuildPhase;
			buildActionMask = 2147483647;
			files = (
			);
			runOnlyForDeploymentPostprocessing = 0;
		};
		5FF820A1217C040B00130CD0 /* Resources */ = {
			isa = PBXResourcesBuildPhase;
			buildActionMask = 2147483647;
			files = (
			);
			runOnlyForDeploymentPostprocessing = 0;
		};
/* End PBXResourcesBuildPhase section */

/* Begin PBXSourcesBuildPhase section */
		5FF8207D217C040900130CD0 /* Sources */ = {
			isa = PBXSourcesBuildPhase;
			buildActionMask = 2147483647;
			files = (
				5FEBC26C217EC28900DA90D6 /* MeCollectionViewCell.swift in Sources */,
				5FF82087217C040900130CD0 /* ScanController.swift in Sources */,
				5F3B7D0D22C2CCC800D2A0CC /* NewFriendTableViewController.swift in Sources */,
				5FF82085217C040900130CD0 /* AppDelegate.swift in Sources */,
				5FF8208D217C040A00130CD0 /* Handlr.xcdatamodeld in Sources */,
				5FEBC26E217EC2F800DA90D6 /* MeCollectionViewController.swift in Sources */,
			);
			runOnlyForDeploymentPostprocessing = 0;
		};
		5FF82094217C040B00130CD0 /* Sources */ = {
			isa = PBXSourcesBuildPhase;
			buildActionMask = 2147483647;
			files = (
				5FF8209D217C040B00130CD0 /* HandlrTests.swift in Sources */,
			);
			runOnlyForDeploymentPostprocessing = 0;
		};
		5FF8209F217C040B00130CD0 /* Sources */ = {
			isa = PBXSourcesBuildPhase;
			buildActionMask = 2147483647;
			files = (
				5FF820A8217C040B00130CD0 /* HandlrUITests.swift in Sources */,
			);
			runOnlyForDeploymentPostprocessing = 0;
		};
/* End PBXSourcesBuildPhase section */

/* Begin PBXTargetDependency section */
		5FF8209A217C040B00130CD0 /* PBXTargetDependency */ = {
			isa = PBXTargetDependency;
			target = 5FF82080217C040900130CD0 /* Handlr */;
			targetProxy = 5FF82099217C040B00130CD0 /* PBXContainerItemProxy */;
		};
		5FF820A5217C040B00130CD0 /* PBXTargetDependency */ = {
			isa = PBXTargetDependency;
			target = 5FF82080217C040900130CD0 /* Handlr */;
			targetProxy = 5FF820A4217C040B00130CD0 /* PBXContainerItemProxy */;
		};
/* End PBXTargetDependency section */

/* Begin PBXVariantGroup section */
		5FF82090217C040B00130CD0 /* LaunchScreen.storyboard */ = {
			isa = PBXVariantGroup;
			children = (
				5FF82091217C040B00130CD0 /* Base */,
			);
			name = LaunchScreen.storyboard;
			sourceTree = "<group>";
		};
/* End PBXVariantGroup section */

/* Begin XCBuildConfiguration section */
		5FF820AA217C040B00130CD0 /* Debug */ = {
			isa = XCBuildConfiguration;
			buildSettings = {
				ALWAYS_SEARCH_USER_PATHS = NO;
				CLANG_ANALYZER_NONNULL = YES;
				CLANG_ANALYZER_NUMBER_OBJECT_CONVERSION = YES_AGGRESSIVE;
				CLANG_CXX_LANGUAGE_STANDARD = "gnu++14";
				CLANG_CXX_LIBRARY = "libc++";
				CLANG_ENABLE_MODULES = YES;
				CLANG_ENABLE_OBJC_ARC = YES;
				CLANG_ENABLE_OBJC_WEAK = YES;
				CLANG_WARN_BLOCK_CAPTURE_AUTORELEASING = YES;
				CLANG_WARN_BOOL_CONVERSION = YES;
				CLANG_WARN_COMMA = YES;
				CLANG_WARN_CONSTANT_CONVERSION = YES;
				CLANG_WARN_DEPRECATED_OBJC_IMPLEMENTATIONS = YES;
				CLANG_WARN_DIRECT_OBJC_ISA_USAGE = YES_ERROR;
				CLANG_WARN_DOCUMENTATION_COMMENTS = YES;
				CLANG_WARN_EMPTY_BODY = YES;
				CLANG_WARN_ENUM_CONVERSION = YES;
				CLANG_WARN_INFINITE_RECURSION = YES;
				CLANG_WARN_INT_CONVERSION = YES;
				CLANG_WARN_NON_LITERAL_NULL_CONVERSION = YES;
				CLANG_WARN_OBJC_IMPLICIT_RETAIN_SELF = YES;
				CLANG_WARN_OBJC_LITERAL_CONVERSION = YES;
				CLANG_WARN_OBJC_ROOT_CLASS = YES_ERROR;
				CLANG_WARN_RANGE_LOOP_ANALYSIS = YES;
				CLANG_WARN_STRICT_PROTOTYPES = YES;
				CLANG_WARN_SUSPICIOUS_MOVE = YES;
				CLANG_WARN_UNGUARDED_AVAILABILITY = YES_AGGRESSIVE;
				CLANG_WARN_UNREACHABLE_CODE = YES;
				CLANG_WARN__DUPLICATE_METHOD_MATCH = YES;
				CODE_SIGN_IDENTITY = "iPhone Developer";
				COPY_PHASE_STRIP = NO;
				DEBUG_INFORMATION_FORMAT = dwarf;
				ENABLE_STRICT_OBJC_MSGSEND = YES;
				ENABLE_TESTABILITY = YES;
				GCC_C_LANGUAGE_STANDARD = gnu11;
				GCC_DYNAMIC_NO_PIC = NO;
				GCC_NO_COMMON_BLOCKS = YES;
				GCC_OPTIMIZATION_LEVEL = 0;
				GCC_PREPROCESSOR_DEFINITIONS = (
					"DEBUG=1",
					"$(inherited)",
				);
				GCC_WARN_64_TO_32_BIT_CONVERSION = YES;
				GCC_WARN_ABOUT_RETURN_TYPE = YES_ERROR;
				GCC_WARN_UNDECLARED_SELECTOR = YES;
				GCC_WARN_UNINITIALIZED_AUTOS = YES_AGGRESSIVE;
				GCC_WARN_UNUSED_FUNCTION = YES;
				GCC_WARN_UNUSED_VARIABLE = YES;
				IPHONEOS_DEPLOYMENT_TARGET = 12.0;
				MTL_ENABLE_DEBUG_INFO = INCLUDE_SOURCE;
				MTL_FAST_MATH = YES;
				ONLY_ACTIVE_ARCH = YES;
				SDKROOT = iphoneos;
				SWIFT_ACTIVE_COMPILATION_CONDITIONS = DEBUG;
				SWIFT_OPTIMIZATION_LEVEL = "-Onone";
			};
			name = Debug;
		};
		5FF820AB217C040B00130CD0 /* Release */ = {
			isa = XCBuildConfiguration;
			buildSettings = {
				ALWAYS_SEARCH_USER_PATHS = NO;
				CLANG_ANALYZER_NONNULL = YES;
				CLANG_ANALYZER_NUMBER_OBJECT_CONVERSION = YES_AGGRESSIVE;
				CLANG_CXX_LANGUAGE_STANDARD = "gnu++14";
				CLANG_CXX_LIBRARY = "libc++";
				CLANG_ENABLE_MODULES = YES;
				CLANG_ENABLE_OBJC_ARC = YES;
				CLANG_ENABLE_OBJC_WEAK = YES;
				CLANG_WARN_BLOCK_CAPTURE_AUTORELEASING = YES;
				CLANG_WARN_BOOL_CONVERSION = YES;
				CLANG_WARN_COMMA = YES;
				CLANG_WARN_CONSTANT_CONVERSION = YES;
				CLANG_WARN_DEPRECATED_OBJC_IMPLEMENTATIONS = YES;
				CLANG_WARN_DIRECT_OBJC_ISA_USAGE = YES_ERROR;
				CLANG_WARN_DOCUMENTATION_COMMENTS = YES;
				CLANG_WARN_EMPTY_BODY = YES;
				CLANG_WARN_ENUM_CONVERSION = YES;
				CLANG_WARN_INFINITE_RECURSION = YES;
				CLANG_WARN_INT_CONVERSION = YES;
				CLANG_WARN_NON_LITERAL_NULL_CONVERSION = YES;
				CLANG_WARN_OBJC_IMPLICIT_RETAIN_SELF = YES;
				CLANG_WARN_OBJC_LITERAL_CONVERSION = YES;
				CLANG_WARN_OBJC_ROOT_CLASS = YES_ERROR;
				CLANG_WARN_RANGE_LOOP_ANALYSIS = YES;
				CLANG_WARN_STRICT_PROTOTYPES = YES;
				CLANG_WARN_SUSPICIOUS_MOVE = YES;
				CLANG_WARN_UNGUARDED_AVAILABILITY = YES_AGGRESSIVE;
				CLANG_WARN_UNREACHABLE_CODE = YES;
				CLANG_WARN__DUPLICATE_METHOD_MATCH = YES;
				CODE_SIGN_IDENTITY = "iPhone Developer";
				COPY_PHASE_STRIP = NO;
				DEBUG_INFORMATION_FORMAT = "dwarf-with-dsym";
				ENABLE_NS_ASSERTIONS = NO;
				ENABLE_STRICT_OBJC_MSGSEND = YES;
				GCC_C_LANGUAGE_STANDARD = gnu11;
				GCC_NO_COMMON_BLOCKS = YES;
				GCC_WARN_64_TO_32_BIT_CONVERSION = YES;
				GCC_WARN_ABOUT_RETURN_TYPE = YES_ERROR;
				GCC_WARN_UNDECLARED_SELECTOR = YES;
				GCC_WARN_UNINITIALIZED_AUTOS = YES_AGGRESSIVE;
				GCC_WARN_UNUSED_FUNCTION = YES;
				GCC_WARN_UNUSED_VARIABLE = YES;
				IPHONEOS_DEPLOYMENT_TARGET = 12.0;
				MTL_ENABLE_DEBUG_INFO = NO;
				MTL_FAST_MATH = YES;
				SDKROOT = iphoneos;
				SWIFT_COMPILATION_MODE = wholemodule;
				SWIFT_OPTIMIZATION_LEVEL = "-O";
				VALIDATE_PRODUCT = YES;
			};
			name = Release;
		};
		5FF820AD217C040B00130CD0 /* Debug */ = {
			isa = XCBuildConfiguration;
			buildSettings = {
				ASSETCATALOG_COMPILER_APPICON_NAME = AppIcon;
				CODE_SIGN_STYLE = Automatic;
				DEVELOPMENT_TEAM = VGEB5SK63K;
				INFOPLIST_FILE = Handlr/Info.plist;
				LD_RUNPATH_SEARCH_PATHS = (
					"$(inherited)",
					"@executable_path/Frameworks",
				);
				PRODUCT_BUNDLE_IDENTIFIER = semicomma.Handlr;
				PRODUCT_NAME = "$(TARGET_NAME)";
				SWIFT_VERSION = 5.0;
				TARGETED_DEVICE_FAMILY = "1,2";
			};
			name = Debug;
		};
		5FF820AE217C040B00130CD0 /* Release */ = {
			isa = XCBuildConfiguration;
			buildSettings = {
				ASSETCATALOG_COMPILER_APPICON_NAME = AppIcon;
				CODE_SIGN_STYLE = Automatic;
				DEVELOPMENT_TEAM = VGEB5SK63K;
				INFOPLIST_FILE = Handlr/Info.plist;
				LD_RUNPATH_SEARCH_PATHS = (
					"$(inherited)",
					"@executable_path/Frameworks",
				);
				PRODUCT_BUNDLE_IDENTIFIER = semicomma.Handlr;
				PRODUCT_NAME = "$(TARGET_NAME)";
				SWIFT_VERSION = 5.0;
				TARGETED_DEVICE_FAMILY = "1,2";
			};
			name = Release;
		};
		5FF820B0217C040B00130CD0 /* Debug */ = {
			isa = XCBuildConfiguration;
			buildSettings = {
				ALWAYS_EMBED_SWIFT_STANDARD_LIBRARIES = YES;
				BUNDLE_LOADER = "$(TEST_HOST)";
				CODE_SIGN_STYLE = Automatic;
				DEVELOPMENT_TEAM = VGEB5SK63K;
				INFOPLIST_FILE = HandlrTests/Info.plist;
				LD_RUNPATH_SEARCH_PATHS = (
					"$(inherited)",
					"@executable_path/Frameworks",
					"@loader_path/Frameworks",
				);
				PRODUCT_BUNDLE_IDENTIFIER = semicomma.HandlrTests;
				PRODUCT_NAME = "$(TARGET_NAME)";
				SWIFT_VERSION = 5.0;
				TARGETED_DEVICE_FAMILY = "1,2";
				TEST_HOST = "$(BUILT_PRODUCTS_DIR)/Handlr.app/Handlr";
			};
			name = Debug;
		};
		5FF820B1217C040B00130CD0 /* Release */ = {
			isa = XCBuildConfiguration;
			buildSettings = {
				ALWAYS_EMBED_SWIFT_STANDARD_LIBRARIES = YES;
				BUNDLE_LOADER = "$(TEST_HOST)";
				CODE_SIGN_STYLE = Automatic;
				DEVELOPMENT_TEAM = VGEB5SK63K;
				INFOPLIST_FILE = HandlrTests/Info.plist;
				LD_RUNPATH_SEARCH_PATHS = (
					"$(inherited)",
					"@executable_path/Frameworks",
					"@loader_path/Frameworks",
				);
				PRODUCT_BUNDLE_IDENTIFIER = semicomma.HandlrTests;
				PRODUCT_NAME = "$(TARGET_NAME)";
				SWIFT_VERSION = 5.0;
				TARGETED_DEVICE_FAMILY = "1,2";
				TEST_HOST = "$(BUILT_PRODUCTS_DIR)/Handlr.app/Handlr";
			};
			name = Release;
		};
		5FF820B3217C040B00130CD0 /* Debug */ = {
			isa = XCBuildConfiguration;
			buildSettings = {
				ALWAYS_EMBED_SWIFT_STANDARD_LIBRARIES = YES;
				CODE_SIGN_STYLE = Automatic;
				DEVELOPMENT_TEAM = VGEB5SK63K;
				INFOPLIST_FILE = HandlrUITests/Info.plist;
				LD_RUNPATH_SEARCH_PATHS = (
					"$(inherited)",
					"@executable_path/Frameworks",
					"@loader_path/Frameworks",
				);
				PRODUCT_BUNDLE_IDENTIFIER = semicomma.HandlrUITests;
				PRODUCT_NAME = "$(TARGET_NAME)";
				SWIFT_VERSION = 5.0;
				TARGETED_DEVICE_FAMILY = "1,2";
				TEST_TARGET_NAME = Handlr;
			};
			name = Debug;
		};
		5FF820B4217C040B00130CD0 /* Release */ = {
			isa = XCBuildConfiguration;
			buildSettings = {
				ALWAYS_EMBED_SWIFT_STANDARD_LIBRARIES = YES;
				CODE_SIGN_STYLE = Automatic;
				DEVELOPMENT_TEAM = VGEB5SK63K;
				INFOPLIST_FILE = HandlrUITests/Info.plist;
				LD_RUNPATH_SEARCH_PATHS = (
					"$(inherited)",
					"@executable_path/Frameworks",
					"@loader_path/Frameworks",
				);
				PRODUCT_BUNDLE_IDENTIFIER = semicomma.HandlrUITests;
				PRODUCT_NAME = "$(TARGET_NAME)";
				SWIFT_VERSION = 5.0;
				TARGETED_DEVICE_FAMILY = "1,2";
				TEST_TARGET_NAME = Handlr;
			};
			name = Release;
		};
/* End XCBuildConfiguration section */

/* Begin XCConfigurationList section */
		5FF8207C217C040900130CD0 /* Build configuration list for PBXProject "Handlr" */ = {
			isa = XCConfigurationList;
			buildConfigurations = (
				5FF820AA217C040B00130CD0 /* Debug */,
				5FF820AB217C040B00130CD0 /* Release */,
			);
			defaultConfigurationIsVisible = 0;
			defaultConfigurationName = Release;
		};
		5FF820AC217C040B00130CD0 /* Build configuration list for PBXNativeTarget "Handlr" */ = {
			isa = XCConfigurationList;
			buildConfigurations = (
				5FF820AD217C040B00130CD0 /* Debug */,
				5FF820AE217C040B00130CD0 /* Release */,
			);
			defaultConfigurationIsVisible = 0;
			defaultConfigurationName = Release;
		};
		5FF820AF217C040B00130CD0 /* Build configuration list for PBXNativeTarget "HandlrTests" */ = {
			isa = XCConfigurationList;
			buildConfigurations = (
				5FF820B0217C040B00130CD0 /* Debug */,
				5FF820B1217C040B00130CD0 /* Release */,
			);
			defaultConfigurationIsVisible = 0;
			defaultConfigurationName = Release;
		};
		5FF820B2217C040B00130CD0 /* Build configuration list for PBXNativeTarget "HandlrUITests" */ = {
			isa = XCConfigurationList;
			buildConfigurations = (
				5FF820B3217C040B00130CD0 /* Debug */,
				5FF820B4217C040B00130CD0 /* Release */,
			);
			defaultConfigurationIsVisible = 0;
			defaultConfigurationName = Release;
		};
/* End XCConfigurationList section */

/* Begin XCVersionGroup section */
		5FF8208B217C040A00130CD0 /* Handlr.xcdatamodeld */ = {
			isa = XCVersionGroup;
			children = (
				5FF8208C217C040A00130CD0 /* Handlr.xcdatamodel */,
			);
			currentVersion = 5FF8208C217C040A00130CD0 /* Handlr.xcdatamodel */;
			path = Handlr.xcdatamodeld;
			sourceTree = "<group>";
			versionGroupType = wrapper.xcdatamodel;
		};
/* End XCVersionGroup section */
	};
	rootObject = 5FF82079217C040900130CD0 /* Project object */;
}
